<Solution>
  <Folder Name="/src/">
    <Project Path="src/AlgoTrading.Application/AlgoTrading.Application.csproj" />
    <Project Path="src/AlgoTrading.Cli/AlgoTrading.Cli.csproj" />
    <Project Path="src/AlgoTrading.Domain/AlgoTrading.Domain.csproj" />
    <Project Path="src/AlgoTrading.Infrastructure/AlgoTrading.Infrastructure.csproj" />
  </Folder>
  <Folder Name="/tests/">
    <Project Path="tests/AlgoTrading.Architecture.Tests/AlgoTrading.Architecture.Tests.csproj" />
    <Project Path="tests/AlgoTrading.Domain.Tests/AlgoTrading.Domain.Tests.csproj" />
  </Folder>
</Solution>
